
Microsoft Visual Studio Solution File, Format Version 12.00
# Visual Studio Version 16
VisualStudioVersion = 16.0.29709.97
MinimumVisualStudioVersion = 10.0.40219.1
Project("{FAE04EC0-301F-11D3-BF4B-00C04F79EFBC}") = "WpfOpg", "WpfOpg.csproj", "{C6A59E73-101E-42F6-A1FD-745AF54DED1E}"
EndProject
Global
	GlobalSection(SolutionConfigurationPlatforms) = preSolution
		Debug|Any CPU = Debug|Any CPU
		Release|Any CPU = Release|Any CPU
	EndGlobalSection
	GlobalSection(ProjectConfigurationPlatforms) = postSolution
		{C6A59E73-101E-42F6-A1FD-745AF54DED1E}.Debug|Any CPU.ActiveCfg = Debug|Any CPU
		{C6A59E73-101E-42F6-A1FD-745AF54DED1E}.Debug|Any CPU.Build.0 = Debug|Any CPU
		{C6A59E73-101E-42F6-A1FD-745AF54DED1E}.Release|Any CPU.ActiveCfg = Release|Any CPU
		{C6A59E73-101E-42F6-A1FD-745AF54DED1E}.Release|Any CPU.Build.0 = Release|Any CPU
	EndGlobalSection
	GlobalSection(SolutionProperties) = preSolution
		HideSolutionNode = FALSE
	EndGlobalSection
	GlobalSection(ExtensibilityGlobals) = postSolution
		SolutionGuid = {C79D2BE0-D6D3-4B59-A148-5389B8F20F05}
	EndGlobalSection
EndGlobal
